
Microsoft Visual Studio Solution File, Format Version 12.00
# Visual Studio Version 16
VisualStudioVersion = 16.0.31005.135
MinimumVisualStudioVersion = 10.0.40219.1
Project("{FAE04EC0-301F-11D3-BF4B-00C04F79EFBC}") = "4.het", "UserMaintenance\4.het.csproj", "{EBA3FEF6-ABA4-4D53-AED1-C2BEFCA2DAF5}"
EndProject
Global
	GlobalSection(SolutionConfigurationPlatforms) = preSolution
		Debug|Any CPU = Debug|Any CPU
		Release|Any CPU = Release|Any CPU
	EndGlobalSection
	GlobalSection(ProjectConfigurationPlatforms) = postSolution
		{EBA3FEF6-ABA4-4D53-AED1-C2BEFCA2DAF5}.Debug|Any CPU.ActiveCfg = Debug|Any CPU
		{EBA3FEF6-ABA4-4D53-AED1-C2BEFCA2DAF5}.Debug|Any CPU.Build.0 = Debug|Any CPU
		{EBA3FEF6-ABA4-4D53-AED1-C2BEFCA2DAF5}.Release|Any CPU.ActiveCfg = Release|Any CPU
		{EBA3FEF6-ABA4-4D53-AED1-C2BEFCA2DAF5}.Release|Any CPU.Build.0 = Release|Any CPU
	EndGlobalSection
	GlobalSection(SolutionProperties) = preSolution
		HideSolutionNode = FALSE
	EndGlobalSection
	GlobalSection(ExtensibilityGlobals) = postSolution
		SolutionGuid = {7FDDB1E5-D775-471E-81B4-ED1668B25B4E}
	EndGlobalSection
EndGlobal
