
Microsoft Visual Studio Solution File, Format Version 12.00
# Visual Studio Version 16
VisualStudioVersion = 16.0.31005.135
MinimumVisualStudioVersion = 10.0.40219.1
Project("{FAE04EC0-301F-11D3-BF4B-00C04F79EFBC}") = "mbc69o_6gyak", "mbc69o_6gyak\mbc69o_6gyak.csproj", "{65FD46CA-E363-4E11-BF01-EEEBF8C7D9D5}"
EndProject
Global
	GlobalSection(SolutionConfigurationPlatforms) = preSolution
		Debug|Any CPU = Debug|Any CPU
		Release|Any CPU = Release|Any CPU
	EndGlobalSection
	GlobalSection(ProjectConfigurationPlatforms) = postSolution
		{65FD46CA-E363-4E11-BF01-EEEBF8C7D9D5}.Debug|Any CPU.ActiveCfg = Debug|Any CPU
		{65FD46CA-E363-4E11-BF01-EEEBF8C7D9D5}.Debug|Any CPU.Build.0 = Debug|Any CPU
		{65FD46CA-E363-4E11-BF01-EEEBF8C7D9D5}.Release|Any CPU.ActiveCfg = Release|Any CPU
		{65FD46CA-E363-4E11-BF01-EEEBF8C7D9D5}.Release|Any CPU.Build.0 = Release|Any CPU
	EndGlobalSection
	GlobalSection(SolutionProperties) = preSolution
		HideSolutionNode = FALSE
	EndGlobalSection
	GlobalSection(ExtensibilityGlobals) = postSolution
		SolutionGuid = {EAFE23EF-9E07-463A-81CE-E5F190C4D0FD}
	EndGlobalSection
EndGlobal
