
Microsoft Visual Studio Solution File, Format Version 12.00
# Visual Studio Version 16
VisualStudioVersion = 16.0.31005.135
MinimumVisualStudioVersion = 10.0.40219.1
Project("{FAE04EC0-301F-11D3-BF4B-00C04F79EFBC}") = "ötödikgyakmbc69o", "ötödikgyakmbc69o\ötödikgyakmbc69o.csproj", "{A990CE12-3ECA-44D1-AFC4-CC4AFC22D268}"
EndProject
Global
	GlobalSection(SolutionConfigurationPlatforms) = preSolution
		Debug|Any CPU = Debug|Any CPU
		Release|Any CPU = Release|Any CPU
	EndGlobalSection
	GlobalSection(ProjectConfigurationPlatforms) = postSolution
		{A990CE12-3ECA-44D1-AFC4-CC4AFC22D268}.Debug|Any CPU.ActiveCfg = Debug|Any CPU
		{A990CE12-3ECA-44D1-AFC4-CC4AFC22D268}.Debug|Any CPU.Build.0 = Debug|Any CPU
		{A990CE12-3ECA-44D1-AFC4-CC4AFC22D268}.Release|Any CPU.ActiveCfg = Release|Any CPU
		{A990CE12-3ECA-44D1-AFC4-CC4AFC22D268}.Release|Any CPU.Build.0 = Release|Any CPU
	EndGlobalSection
	GlobalSection(SolutionProperties) = preSolution
		HideSolutionNode = FALSE
	EndGlobalSection
	GlobalSection(ExtensibilityGlobals) = postSolution
		SolutionGuid = {C6828691-19E2-44D7-B2D1-B7F302108357}
	EndGlobalSection
EndGlobal
